// !$*UTF8*$!
{
	archiveVersion = 1;
	classes = {
	};
	objectVersion = 46;
	objects = {

/* Begin PBXBuildFile section */
		516609D51E36059100B2C02B /* main.m in Sources */ = {isa = PBXBuildFile; fileRef = 516609D41E36059100B2C02B /* main.m */; };
		516609D81E36059100B2C02B /* AppDelegate.m in Sources */ = {isa = PBXBuildFile; fileRef = 516609D71E36059100B2C02B /* AppDelegate.m */; };
		516609DB1E36059100B2C02B /* ViewController.m in Sources */ = {isa = PBXBuildFile; fileRef = 516609DA1E36059100B2C02B /* ViewController.m */; };
		516609DE1E36059200B2C02B /* Main.storyboard in Resources */ = {isa = PBXBuildFile; fileRef = 516609DC1E36059100B2C02B /* Main.storyboard */; };
		516609E01E36059200B2C02B /* Assets.xcassets in Resources */ = {isa = PBXBuildFile; fileRef = 516609DF1E36059200B2C02B /* Assets.xcassets */; };
		516609E31E36059200B2C02B /* LaunchScreen.storyboard in Resources */ = {isa = PBXBuildFile; fileRef = 516609E11E36059200B2C02B /* LaunchScreen.storyboard */; };
		516609EE1E36059200B2C02B /* BitsoundSampleTests.m in Sources */ = {isa = PBXBuildFile; fileRef = 516609ED1E36059200B2C02B /* BitsoundSampleTests.m */; };
		516609F91E36059200B2C02B /* BitsoundSampleUITests.m in Sources */ = {isa = PBXBuildFile; fileRef = 516609F81E36059200B2C02B /* BitsoundSampleUITests.m */; };
		5172CB8D1E5FD49600923EAF /* SafariServices.framework in Frameworks */ = {isa = PBXBuildFile; fileRef = 5172CB8C1E5FD49600923EAF /* SafariServices.framework */; };
		519B59FD1E69477700513FAB /* libstdc++.tbd in Frameworks */ = {isa = PBXBuildFile; fileRef = 51660A091E36064900B2C02B /* libstdc++.tbd */; };
		51BEA4341F2ACAF200912785 /* BitsoundPlayer.framework in Frameworks */ = {isa = PBXBuildFile; fileRef = 51BEA4311F2ACAF200912785 /* BitsoundPlayer.framework */; };
		51BEA4351F2ACAF200912785 /* BitsoundReceiver.framework in Frameworks */ = {isa = PBXBuildFile; fileRef = 51BEA4321F2ACAF200912785 /* BitsoundReceiver.framework */; };
		51BEA4361F2ACAF200912785 /* BitsoundShaking.framework in Frameworks */ = {isa = PBXBuildFile; fileRef = 51BEA4331F2ACAF200912785 /* BitsoundShaking.framework */; };
		83FE694C2D4A89212F6E2BF2 /* libPods-BitsoundSample.a in Frameworks */ = {isa = PBXBuildFile; fileRef = 8717A1D0BC43FB4DBC909F35 /* libPods-BitsoundSample.a */; };
/* End PBXBuildFile section */

/* Begin PBXContainerItemProxy section */
		516609EA1E36059200B2C02B /* PBXContainerItemProxy */ = {
			isa = PBXContainerItemProxy;
			containerPortal = 516609C81E36059100B2C02B /* Project object */;
			proxyType = 1;
			remoteGlobalIDString = 516609CF1E36059100B2C02B;
			remoteInfo = BitsoundSample;
		};
		516609F51E36059200B2C02B /* PBXContainerItemProxy */ = {
			isa = PBXContainerItemProxy;
			containerPortal = 516609C81E36059100B2C02B /* Project object */;
			proxyType = 1;
			remoteGlobalIDString = 516609CF1E36059100B2C02B;
			remoteInfo = BitsoundSample;
		};
/* End PBXContainerItemProxy section */

/* Begin PBXFileReference section */
		516609D01E36059100B2C02B /* BitsoundSample.app */ = {isa = PBXFileReference; explicitFileType = wrapper.application; includeInIndex = 0; path = BitsoundSample.app; sourceTree = BUILT_PRODUCTS_DIR; };
		516609D41E36059100B2C02B /* main.m */ = {isa = PBXFileReference; lastKnownFileType = sourcecode.c.objc; path = main.m; sourceTree = "<group>"; };
		516609D61E36059100B2C02B /* AppDelegate.h */ = {isa = PBXFileReference; lastKnownFileType = sourcecode.c.h; path = AppDelegate.h; sourceTree = "<group>"; };
		516609D71E36059100B2C02B /* AppDelegate.m */ = {isa = PBXFileReference; lastKnownFileType = sourcecode.c.objc; path = AppDelegate.m; sourceTree = "<group>"; };
		516609D91E36059100B2C02B /* ViewController.h */ = {isa = PBXFileReference; lastKnownFileType = sourcecode.c.h; path = ViewController.h; sourceTree = "<group>"; };
		516609DA1E36059100B2C02B /* ViewController.m */ = {isa = PBXFileReference; lastKnownFileType = sourcecode.c.objc; path = ViewController.m; sourceTree = "<group>"; };
		516609DD1E36059100B2C02B /* Base */ = {isa = PBXFileReference; lastKnownFileType = file.storyboard; name = Base; path = Base.lproj/Main.storyboard; sourceTree = "<group>"; };
		516609DF1E36059200B2C02B /* Assets.xcassets */ = {isa = PBXFileReference; lastKnownFileType = folder.assetcatalog; path = Assets.xcassets; sourceTree = "<group>"; };
		516609E21E36059200B2C02B /* Base */ = {isa = PBXFileReference; lastKnownFileType = file.storyboard; name = Base; path = Base.lproj/LaunchScreen.storyboard; sourceTree = "<group>"; };
		516609E41E36059200B2C02B /* Info.plist */ = {isa = PBXFileReference; lastKnownFileType = text.plist.xml; path = Info.plist; sourceTree = "<group>"; };
		516609E91E36059200B2C02B /* BitsoundSampleTests.xctest */ = {isa = PBXFileReference; explicitFileType = wrapper.cfbundle; includeInIndex = 0; path = BitsoundSampleTests.xctest; sourceTree = BUILT_PRODUCTS_DIR; };
		516609ED1E36059200B2C02B /* BitsoundSampleTests.m */ = {isa = PBXFileReference; lastKnownFileType = sourcecode.c.objc; path = BitsoundSampleTests.m; sourceTree = "<group>"; };
		516609EF1E36059200B2C02B /* Info.plist */ = {isa = PBXFileReference; lastKnownFileType = text.plist.xml; path = Info.plist; sourceTree = "<group>"; };
		516609F41E36059200B2C02B /* BitsoundSampleUITests.xctest */ = {isa = PBXFileReference; explicitFileType = wrapper.cfbundle; includeInIndex = 0; path = BitsoundSampleUITests.xctest; sourceTree = BUILT_PRODUCTS_DIR; };
		516609F81E36059200B2C02B /* BitsoundSampleUITests.m */ = {isa = PBXFileReference; lastKnownFileType = sourcecode.c.objc; path = BitsoundSampleUITests.m; sourceTree = "<group>"; };
		516609FA1E36059200B2C02B /* Info.plist */ = {isa = PBXFileReference; lastKnownFileType = text.plist.xml; path = Info.plist; sourceTree = "<group>"; };
		51660A091E36064900B2C02B /* libstdc++.tbd */ = {isa = PBXFileReference; lastKnownFileType = "sourcecode.text-based-dylib-definition"; name = "libstdc++.tbd"; path = "usr/lib/libstdc++.tbd"; sourceTree = SDKROOT; };
		5172CB8C1E5FD49600923EAF /* SafariServices.framework */ = {isa = PBXFileReference; lastKnownFileType = wrapper.framework; name = SafariServices.framework; path = System/Library/Frameworks/SafariServices.framework; sourceTree = SDKROOT; };
		51BEA4311F2ACAF200912785 /* BitsoundPlayer.framework */ = {isa = PBXFileReference; lastKnownFileType = wrapper.framework; name = BitsoundPlayer.framework; path = ../BitsoundPlayer.framework; sourceTree = "<group>"; };
		51BEA4321F2ACAF200912785 /* BitsoundReceiver.framework */ = {isa = PBXFileReference; lastKnownFileType = wrapper.framework; name = BitsoundReceiver.framework; path = ../BitsoundReceiver.framework; sourceTree = "<group>"; };
		51BEA4331F2ACAF200912785 /* BitsoundShaking.framework */ = {isa = PBXFileReference; lastKnownFileType = wrapper.framework; name = BitsoundShaking.framework; path = ../BitsoundShaking.framework; sourceTree = "<group>"; };
		8717A1D0BC43FB4DBC909F35 /* libPods-BitsoundSample.a */ = {isa = PBXFileReference; explicitFileType = archive.ar; includeInIndex = 0; path = "libPods-BitsoundSample.a"; sourceTree = BUILT_PRODUCTS_DIR; };
		88A512C02E6B2B3AAFDEBDD0 /* Pods-BitsoundSample.debug.xcconfig */ = {isa = PBXFileReference; includeInIndex = 1; lastKnownFileType = text.xcconfig; name = "Pods-BitsoundSample.debug.xcconfig"; path = "Pods/Target Support Files/Pods-BitsoundSample/Pods-BitsoundSample.debug.xcconfig"; sourceTree = "<group>"; };
		E8B5A60C321752661AD0180A /* Pods-BitsoundSample.release.xcconfig */ = {isa = PBXFileReference; includeInIndex = 1; lastKnownFileType = text.xcconfig; name = "Pods-BitsoundSample.release.xcconfig"; path = "Pods/Target Support Files/Pods-BitsoundSample/Pods-BitsoundSample.release.xcconfig"; sourceTree = "<group>"; };
/* End PBXFileReference section */

/* Begin PBXFrameworksBuildPhase section */
		516609CD1E36059100B2C02B /* Frameworks */ = {
			isa = PBXFrameworksBuildPhase;
			buildActionMask = 2147483647;
			files = (
				51BEA4341F2ACAF200912785 /* BitsoundPlayer.framework in Frameworks */,
				51BEA4351F2ACAF200912785 /* BitsoundReceiver.framework in Frameworks */,
				51BEA4361F2ACAF200912785 /* BitsoundShaking.framework in Frameworks */,
				519B59FD1E69477700513FAB /* libstdc++.tbd in Frameworks */,
				5172CB8D1E5FD49600923EAF /* SafariServices.framework in Frameworks */,
				83FE694C2D4A89212F6E2BF2 /* libPods-BitsoundSample.a in Frameworks */,
			);
			runOnlyForDeploymentPostprocessing = 0;
		};
		516609E61E36059200B2C02B /* Frameworks */ = {
			isa = PBXFrameworksBuildPhase;
			buildActionMask = 2147483647;
			files = (
			);
			runOnlyForDeploymentPostprocessing = 0;
		};
		516609F11E36059200B2C02B /* Frameworks */ = {
			isa = PBXFrameworksBuildPhase;
			buildActionMask = 2147483647;
			files = (
			);
			runOnlyForDeploymentPostprocessing = 0;
		};
/* End PBXFrameworksBuildPhase section */

/* Begin PBXGroup section */
		516609C71E36059100B2C02B = {
			isa = PBXGroup;
			children = (
				516609D21E36059100B2C02B /* BitsoundSample */,
				516609EC1E36059200B2C02B /* BitsoundSampleTests */,
				516609F71E36059200B2C02B /* BitsoundSampleUITests */,
				516609D11E36059100B2C02B /* Products */,
				51660A081E36064800B2C02B /* Frameworks */,
				5E3D6826B08AE2A02D25D227 /* Pods */,
			);
			sourceTree = "<group>";
		};
		516609D11E36059100B2C02B /* Products */ = {
			isa = PBXGroup;
			children = (
				516609D01E36059100B2C02B /* BitsoundSample.app */,
				516609E91E36059200B2C02B /* BitsoundSampleTests.xctest */,
				516609F41E36059200B2C02B /* BitsoundSampleUITests.xctest */,
			);
			name = Products;
			sourceTree = "<group>";
		};
		516609D21E36059100B2C02B /* BitsoundSample */ = {
			isa = PBXGroup;
			children = (
				516609D61E36059100B2C02B /* AppDelegate.h */,
				516609D71E36059100B2C02B /* AppDelegate.m */,
				516609D91E36059100B2C02B /* ViewController.h */,
				516609DA1E36059100B2C02B /* ViewController.m */,
				516609DC1E36059100B2C02B /* Main.storyboard */,
				516609DF1E36059200B2C02B /* Assets.xcassets */,
				516609E11E36059200B2C02B /* LaunchScreen.storyboard */,
				516609E41E36059200B2C02B /* Info.plist */,
				516609D31E36059100B2C02B /* Supporting Files */,
			);
			path = BitsoundSample;
			sourceTree = "<group>";
		};
		516609D31E36059100B2C02B /* Supporting Files */ = {
			isa = PBXGroup;
			children = (
				516609D41E36059100B2C02B /* main.m */,
			);
			name = "Supporting Files";
			sourceTree = "<group>";
		};
		516609EC1E36059200B2C02B /* BitsoundSampleTests */ = {
			isa = PBXGroup;
			children = (
				516609ED1E36059200B2C02B /* BitsoundSampleTests.m */,
				516609EF1E36059200B2C02B /* Info.plist */,
			);
			path = BitsoundSampleTests;
			sourceTree = "<group>";
		};
		516609F71E36059200B2C02B /* BitsoundSampleUITests */ = {
			isa = PBXGroup;
			children = (
				516609F81E36059200B2C02B /* BitsoundSampleUITests.m */,
				516609FA1E36059200B2C02B /* Info.plist */,
			);
			path = BitsoundSampleUITests;
			sourceTree = "<group>";
		};
		51660A081E36064800B2C02B /* Frameworks */ = {
			isa = PBXGroup;
			children = (
				51BEA4311F2ACAF200912785 /* BitsoundPlayer.framework */,
				51BEA4321F2ACAF200912785 /* BitsoundReceiver.framework */,
				51BEA4331F2ACAF200912785 /* BitsoundShaking.framework */,
				5172CB8C1E5FD49600923EAF /* SafariServices.framework */,
				51660A091E36064900B2C02B /* libstdc++.tbd */,
				8717A1D0BC43FB4DBC909F35 /* libPods-BitsoundSample.a */,
			);
			name = Frameworks;
			sourceTree = "<group>";
		};
		5E3D6826B08AE2A02D25D227 /* Pods */ = {
			isa = PBXGroup;
			children = (
				88A512C02E6B2B3AAFDEBDD0 /* Pods-BitsoundSample.debug.xcconfig */,
				E8B5A60C321752661AD0180A /* Pods-BitsoundSample.release.xcconfig */,
			);
			name = Pods;
			sourceTree = "<group>";
		};
/* End PBXGroup section */

/* Begin PBXNativeTarget section */
		516609CF1E36059100B2C02B /* BitsoundSample */ = {
			isa = PBXNativeTarget;
			buildConfigurationList = 516609FD1E36059200B2C02B /* Build configuration list for PBXNativeTarget "BitsoundSample" */;
			buildPhases = (
				DF74A9E09ABC1717A7C0271D /* [CP] Check Pods Manifest.lock */,
				516609CC1E36059100B2C02B /* Sources */,
				516609CD1E36059100B2C02B /* Frameworks */,
				516609CE1E36059100B2C02B /* Resources */,
				5165FB3782F4895DCB4B6750 /* [CP] Embed Pods Frameworks */,
				62B6030616486B9315E203B6 /* [CP] Copy Pods Resources */,
			);
			buildRules = (
			);
			dependencies = (
			);
			name = BitsoundSample;
			productName = BitsoundSample;
			productReference = 516609D01E36059100B2C02B /* BitsoundSample.app */;
			productType = "com.apple.product-type.application";
		};
		516609E81E36059200B2C02B /* BitsoundSampleTests */ = {
			isa = PBXNativeTarget;
			buildConfigurationList = 51660A001E36059200B2C02B /* Build configuration list for PBXNativeTarget "BitsoundSampleTests" */;
			buildPhases = (
				516609E51E36059200B2C02B /* Sources */,
				516609E61E36059200B2C02B /* Frameworks */,
				516609E71E36059200B2C02B /* Resources */,
			);
			buildRules = (
			);
			dependencies = (
				516609EB1E36059200B2C02B /* PBXTargetDependency */,
			);
			name = BitsoundSampleTests;
			productName = BitsoundSampleTests;
			productReference = 516609E91E36059200B2C02B /* BitsoundSampleTests.xctest */;
			productType = "com.apple.product-type.bundle.unit-test";
		};
		516609F31E36059200B2C02B /* BitsoundSampleUITests */ = {
			isa = PBXNativeTarget;
			buildConfigurationList = 51660A031E36059200B2C02B /* Build configuration list for PBXNativeTarget "BitsoundSampleUITests" */;
			buildPhases = (
				516609F01E36059200B2C02B /* Sources */,
				516609F11E36059200B2C02B /* Frameworks */,
				516609F21E36059200B2C02B /* Resources */,
			);
			buildRules = (
			);
			dependencies = (
				516609F61E36059200B2C02B /* PBXTargetDependency */,
			);
			name = BitsoundSampleUITests;
			productName = BitsoundSampleUITests;
			productReference = 516609F41E36059200B2C02B /* BitsoundSampleUITests.xctest */;
			productType = "com.apple.product-type.bundle.ui-testing";
		};
/* End PBXNativeTarget section */

/* Begin PBXProject section */
		516609C81E36059100B2C02B /* Project object */ = {
			isa = PBXProject;
			attributes = {
				LastUpgradeCheck = 0820;
				ORGANIZATIONNAME = "wonje-soundlly";
				TargetAttributes = {
					516609CF1E36059100B2C02B = {
						CreatedOnToolsVersion = 8.2.1;
						DevelopmentTeam = 4G6HH5MMJY;
						ProvisioningStyle = Automatic;
					};
					516609E81E36059200B2C02B = {
						CreatedOnToolsVersion = 8.2.1;
						DevelopmentTeam = 4G6HH5MMJY;
						ProvisioningStyle = Automatic;
						TestTargetID = 516609CF1E36059100B2C02B;
					};
					516609F31E36059200B2C02B = {
						CreatedOnToolsVersion = 8.2.1;
						DevelopmentTeam = 4G6HH5MMJY;
						ProvisioningStyle = Automatic;
						TestTargetID = 516609CF1E36059100B2C02B;
					};
				};
			};
			buildConfigurationList = 516609CB1E36059100B2C02B /* Build configuration list for PBXProject "BitsoundSample" */;
			compatibilityVersion = "Xcode 3.2";
			developmentRegion = English;
			hasScannedForEncodings = 0;
			knownRegions = (
				en,
				Base,
			);
			mainGroup = 516609C71E36059100B2C02B;
			productRefGroup = 516609D11E36059100B2C02B /* Products */;
			projectDirPath = "";
			projectRoot = "";
			targets = (
				516609CF1E36059100B2C02B /* BitsoundSample */,
				516609E81E36059200B2C02B /* BitsoundSampleTests */,
				516609F31E36059200B2C02B /* BitsoundSampleUITests */,
			);
		};
/* End PBXProject section */

/* Begin PBXResourcesBuildPhase section */
		516609CE1E36059100B2C02B /* Resources */ = {
			isa = PBXResourcesBuildPhase;
			buildActionMask = 2147483647;
			files = (
				516609E31E36059200B2C02B /* LaunchScreen.storyboard in Resources */,
				516609E01E36059200B2C02B /* Assets.xcassets in Resources */,
				516609DE1E36059200B2C02B /* Main.storyboard in Resources */,
			);
			runOnlyForDeploymentPostprocessing = 0;
		};
		516609E71E36059200B2C02B /* Resources */ = {
			isa = PBXResourcesBuildPhase;
			buildActionMask = 2147483647;
			files = (
			);
			runOnlyForDeploymentPostprocessing = 0;
		};
		516609F21E36059200B2C02B /* Resources */ = {
			isa = PBXResourcesBuildPhase;
			buildActionMask = 2147483647;
			files = (
			);
			runOnlyForDeploymentPostprocessing = 0;
		};
/* End PBXResourcesBuildPhase section */

/* Begin PBXShellScriptBuildPhase section */
		5165FB3782F4895DCB4B6750 /* [CP] Embed Pods Frameworks */ = {
			isa = PBXShellScriptBuildPhase;
			buildActionMask = 2147483647;
			files = (
			);
			inputPaths = (
			);
			name = "[CP] Embed Pods Frameworks";
			outputPaths = (
			);
			runOnlyForDeploymentPostprocessing = 0;
			shellPath = /bin/sh;
			shellScript = "\"${SRCROOT}/Pods/Target Support Files/Pods-BitsoundSample/Pods-BitsoundSample-frameworks.sh\"\n";
			showEnvVarsInLog = 0;
		};
		62B6030616486B9315E203B6 /* [CP] Copy Pods Resources */ = {
			isa = PBXShellScriptBuildPhase;
			buildActionMask = 2147483647;
			files = (
			);
			inputPaths = (
			);
			name = "[CP] Copy Pods Resources";
			outputPaths = (
			);
			runOnlyForDeploymentPostprocessing = 0;
			shellPath = /bin/sh;
			shellScript = "\"${SRCROOT}/Pods/Target Support Files/Pods-BitsoundSample/Pods-BitsoundSample-resources.sh\"\n";
			showEnvVarsInLog = 0;
		};
		DF74A9E09ABC1717A7C0271D /* [CP] Check Pods Manifest.lock */ = {
			isa = PBXShellScriptBuildPhase;
			buildActionMask = 2147483647;
			files = (
			);
			inputPaths = (
			);
			name = "[CP] Check Pods Manifest.lock";
			outputPaths = (
			);
			runOnlyForDeploymentPostprocessing = 0;
			shellPath = /bin/sh;
			shellScript = "diff \"${PODS_ROOT}/../Podfile.lock\" \"${PODS_ROOT}/Manifest.lock\" > /dev/null\nif [ $? != 0 ] ; then\n    # print error to STDERR\n    echo \"error: The sandbox is not in sync with the Podfile.lock. Run 'pod install' or update your CocoaPods installation.\" >&2\n    exit 1\nfi\n";
			showEnvVarsInLog = 0;
		};
/* End PBXShellScriptBuildPhase section */

/* Begin PBXSourcesBuildPhase section */
		516609CC1E36059100B2C02B /* Sources */ = {
			isa = PBXSourcesBuildPhase;
			buildActionMask = 2147483647;
			files = (
				516609DB1E36059100B2C02B /* ViewController.m in Sources */,
				516609D81E36059100B2C02B /* AppDelegate.m in Sources */,
				516609D51E36059100B2C02B /* main.m in Sources */,
			);
			runOnlyForDeploymentPostprocessing = 0;
		};
		516609E51E36059200B2C02B /* Sources */ = {
			isa = PBXSourcesBuildPhase;
			buildActionMask = 2147483647;
			files = (
				516609EE1E36059200B2C02B /* BitsoundSampleTests.m in Sources */,
			);
			runOnlyForDeploymentPostprocessing = 0;
		};
		516609F01E36059200B2C02B /* Sources */ = {
			isa = PBXSourcesBuildPhase;
			buildActionMask = 2147483647;
			files = (
				516609F91E36059200B2C02B /* BitsoundSampleUITests.m in Sources */,
			);
			runOnlyForDeploymentPostprocessing = 0;
		};
/* End PBXSourcesBuildPhase section */

/* Begin PBXTargetDependency section */
		516609EB1E36059200B2C02B /* PBXTargetDependency */ = {
			isa = PBXTargetDependency;
			target = 516609CF1E36059100B2C02B /* BitsoundSample */;
			targetProxy = 516609EA1E36059200B2C02B /* PBXContainerItemProxy */;
		};
		516609F61E36059200B2C02B /* PBXTargetDependency */ = {
			isa = PBXTargetDependency;
			target = 516609CF1E36059100B2C02B /* BitsoundSample */;
			targetProxy = 516609F51E36059200B2C02B /* PBXContainerItemProxy */;
		};
/* End PBXTargetDependency section */

/* Begin PBXVariantGroup section */
		516609DC1E36059100B2C02B /* Main.storyboard */ = {
			isa = PBXVariantGroup;
			children = (
				516609DD1E36059100B2C02B /* Base */,
			);
			name = Main.storyboard;
			sourceTree = "<group>";
		};
		516609E11E36059200B2C02B /* LaunchScreen.storyboard */ = {
			isa = PBXVariantGroup;
			children = (
				516609E21E36059200B2C02B /* Base */,
			);
			name = LaunchScreen.storyboard;
			sourceTree = "<group>";
		};
/* End PBXVariantGroup section */

/* Begin XCBuildConfiguration section */
		516609FB1E36059200B2C02B /* Debug */ = {
			isa = XCBuildConfiguration;
			buildSettings = {
				ALWAYS_SEARCH_USER_PATHS = NO;
				CLANG_ANALYZER_NONNULL = YES;
				CLANG_CXX_LANGUAGE_STANDARD = "gnu++0x";
				CLANG_CXX_LIBRARY = "libc++";
				CLANG_ENABLE_MODULES = YES;
				CLANG_ENABLE_OBJC_ARC = YES;
				CLANG_MODULES_AUTOLINK = NO;
				CLANG_WARN_BOOL_CONVERSION = YES;
				CLANG_WARN_CONSTANT_CONVERSION = YES;
				CLANG_WARN_DIRECT_OBJC_ISA_USAGE = YES_ERROR;
				CLANG_WARN_DOCUMENTATION_COMMENTS = YES;
				CLANG_WARN_EMPTY_BODY = YES;
				CLANG_WARN_ENUM_CONVERSION = YES;
				CLANG_WARN_INFINITE_RECURSION = YES;
				CLANG_WARN_INT_CONVERSION = YES;
				CLANG_WARN_OBJC_ROOT_CLASS = YES_ERROR;
				CLANG_WARN_SUSPICIOUS_MOVE = YES;
				CLANG_WARN_UNREACHABLE_CODE = YES;
				CLANG_WARN__DUPLICATE_METHOD_MATCH = YES;
				"CODE_SIGN_IDENTITY[sdk=iphoneos*]" = "iPhone Developer";
				COPY_PHASE_STRIP = NO;
				DEBUG_INFORMATION_FORMAT = dwarf;
				ENABLE_STRICT_OBJC_MSGSEND = YES;
				ENABLE_TESTABILITY = YES;
				GCC_C_LANGUAGE_STANDARD = gnu99;
				GCC_DYNAMIC_NO_PIC = NO;
				GCC_NO_COMMON_BLOCKS = YES;
				GCC_OPTIMIZATION_LEVEL = 0;
				GCC_PREPROCESSOR_DEFINITIONS = (
					"DEBUG=1",
					"$(inherited)",
				);
				GCC_WARN_64_TO_32_BIT_CONVERSION = YES;
				GCC_WARN_ABOUT_RETURN_TYPE = YES_ERROR;
				GCC_WARN_UNDECLARED_SELECTOR = YES;
				GCC_WARN_UNINITIALIZED_AUTOS = YES_AGGRESSIVE;
				GCC_WARN_UNUSED_FUNCTION = YES;
				GCC_WARN_UNUSED_VARIABLE = YES;
				IPHONEOS_DEPLOYMENT_TARGET = 7.0;
				MTL_ENABLE_DEBUG_INFO = YES;
				ONLY_ACTIVE_ARCH = YES;
				SDKROOT = iphoneos;
				TARGETED_DEVICE_FAMILY = "1,2";
			};
			name = Debug;
		};
		516609FC1E36059200B2C02B /* Release */ = {
			isa = XCBuildConfiguration;
			buildSettings = {
				ALWAYS_SEARCH_USER_PATHS = NO;
				CLANG_ANALYZER_NONNULL = YES;
				CLANG_CXX_LANGUAGE_STANDARD = "gnu++0x";
				CLANG_CXX_LIBRARY = "libc++";
				CLANG_ENABLE_MODULES = YES;
				CLANG_ENABLE_OBJC_ARC = YES;
				CLANG_MODULES_AUTOLINK = NO;
				CLANG_WARN_BOOL_CONVERSION = YES;
				CLANG_WARN_CONSTANT_CONVERSION = YES;
				CLANG_WARN_DIRECT_OBJC_ISA_USAGE = YES_ERROR;
				CLANG_WARN_DOCUMENTATION_COMMENTS = YES;
				CLANG_WARN_EMPTY_BODY = YES;
				CLANG_WARN_ENUM_CONVERSION = YES;
				CLANG_WARN_INFINITE_RECURSION = YES;
				CLANG_WARN_INT_CONVERSION = YES;
				CLANG_WARN_OBJC_ROOT_CLASS = YES_ERROR;
				CLANG_WARN_SUSPICIOUS_MOVE = YES;
				CLANG_WARN_UNREACHABLE_CODE = YES;
				CLANG_WARN__DUPLICATE_METHOD_MATCH = YES;
				"CODE_SIGN_IDENTITY[sdk=iphoneos*]" = "iPhone Developer";
				COPY_PHASE_STRIP = NO;
				DEBUG_INFORMATION_FORMAT = "dwarf-with-dsym";
				ENABLE_NS_ASSERTIONS = NO;
				ENABLE_STRICT_OBJC_MSGSEND = YES;
				GCC_C_LANGUAGE_STANDARD = gnu99;
				GCC_NO_COMMON_BLOCKS = YES;
				GCC_WARN_64_TO_32_BIT_CONVERSION = YES;
				GCC_WARN_ABOUT_RETURN_TYPE = YES_ERROR;
				GCC_WARN_UNDECLARED_SELECTOR = YES;
				GCC_WARN_UNINITIALIZED_AUTOS = YES_AGGRESSIVE;
				GCC_WARN_UNUSED_FUNCTION = YES;
				GCC_WARN_UNUSED_VARIABLE = YES;
				IPHONEOS_DEPLOYMENT_TARGET = 7.0;
				MTL_ENABLE_DEBUG_INFO = NO;
				SDKROOT = iphoneos;
				TARGETED_DEVICE_FAMILY = "1,2";
				VALIDATE_PRODUCT = YES;
			};
			name = Release;
		};
		516609FE1E36059200B2C02B /* Debug */ = {
			isa = XCBuildConfiguration;
			baseConfigurationReference = 88A512C02E6B2B3AAFDEBDD0 /* Pods-BitsoundSample.debug.xcconfig */;
			buildSettings = {
				ASSETCATALOG_COMPILER_APPICON_NAME = AppIcon;
				DEVELOPMENT_TEAM = 4G6HH5MMJY;
				ENABLE_BITCODE = NO;
				FRAMEWORK_SEARCH_PATHS = (
					"$(inherited)",
					"$(PROJECT_DIR)/../",
				);
				INFOPLIST_FILE = BitsoundSample/Info.plist;
				LD_RUNPATH_SEARCH_PATHS = "$(inherited) @executable_path/Frameworks";
				PRODUCT_BUNDLE_IDENTIFIER = com.soundlly.BitsoundSample;
				PRODUCT_NAME = "$(TARGET_NAME)";
			};
			name = Debug;
		};
		516609FF1E36059200B2C02B /* Release */ = {
			isa = XCBuildConfiguration;
			baseConfigurationReference = E8B5A60C321752661AD0180A /* Pods-BitsoundSample.release.xcconfig */;
			buildSettings = {
				ASSETCATALOG_COMPILER_APPICON_NAME = AppIcon;
				DEVELOPMENT_TEAM = 4G6HH5MMJY;
				ENABLE_BITCODE = NO;
				FRAMEWORK_SEARCH_PATHS = (
					"$(inherited)",
					"$(PROJECT_DIR)/../",
				);
				INFOPLIST_FILE = BitsoundSample/Info.plist;
				LD_RUNPATH_SEARCH_PATHS = "$(inherited) @executable_path/Frameworks";
				PRODUCT_BUNDLE_IDENTIFIER = com.soundlly.BitsoundSample;
				PRODUCT_NAME = "$(TARGET_NAME)";
			};
			name = Release;
		};
		51660A011E36059200B2C02B /* Debug */ = {
			isa = XCBuildConfiguration;
			buildSettings = {
				BUNDLE_LOADER = "$(TEST_HOST)";
				DEVELOPMENT_TEAM = 4G6HH5MMJY;
				INFOPLIST_FILE = BitsoundSampleTests/Info.plist;
				LD_RUNPATH_SEARCH_PATHS = "$(inherited) @executable_path/Frameworks @loader_path/Frameworks";
				PRODUCT_BUNDLE_IDENTIFIER = com.soundlly.BitsoundSampleTests;
				PRODUCT_NAME = "$(TARGET_NAME)";
				TEST_HOST = "$(BUILT_PRODUCTS_DIR)/BitsoundSample.app/BitsoundSample";
			};
			name = Debug;
		};
		51660A021E36059200B2C02B /* Release */ = {
			isa = XCBuildConfiguration;
			buildSettings = {
				BUNDLE_LOADER = "$(TEST_HOST)";
				DEVELOPMENT_TEAM = 4G6HH5MMJY;
				INFOPLIST_FILE = BitsoundSampleTests/Info.plist;
				LD_RUNPATH_SEARCH_PATHS = "$(inherited) @executable_path/Frameworks @loader_path/Frameworks";
				PRODUCT_BUNDLE_IDENTIFIER = com.soundlly.BitsoundSampleTests;
				PRODUCT_NAME = "$(TARGET_NAME)";
				TEST_HOST = "$(BUILT_PRODUCTS_DIR)/BitsoundSample.app/BitsoundSample";
			};
			name = Release;
		};
		51660A041E36059200B2C02B /* Debug */ = {
			isa = XCBuildConfiguration;
			buildSettings = {
				DEVELOPMENT_TEAM = 4G6HH5MMJY;
				INFOPLIST_FILE = BitsoundSampleUITests/Info.plist;
				LD_RUNPATH_SEARCH_PATHS = "$(inherited) @executable_path/Frameworks @loader_path/Frameworks";
				PRODUCT_BUNDLE_IDENTIFIER = com.soundlly.BitsoundSampleUITests;
				PRODUCT_NAME = "$(TARGET_NAME)";
				TEST_TARGET_NAME = BitsoundSample;
			};
			name = Debug;
		};
		51660A051E36059200B2C02B /* Release */ = {
			isa = XCBuildConfiguration;
			buildSettings = {
				DEVELOPMENT_TEAM = 4G6HH5MMJY;
				INFOPLIST_FILE = BitsoundSampleUITests/Info.plist;
				LD_RUNPATH_SEARCH_PATHS = "$(inherited) @executable_path/Frameworks @loader_path/Frameworks";
				PRODUCT_BUNDLE_IDENTIFIER = com.soundlly.BitsoundSampleUITests;
				PRODUCT_NAME = "$(TARGET_NAME)";
				TEST_TARGET_NAME = BitsoundSample;
			};
			name = Release;
		};
/* End XCBuildConfiguration section */

/* Begin XCConfigurationList section */
		516609CB1E36059100B2C02B /* Build configuration list for PBXProject "BitsoundSample" */ = {
			isa = XCConfigurationList;
			buildConfigurations = (
				516609FB1E36059200B2C02B /* Debug */,
				516609FC1E36059200B2C02B /* Release */,
			);
			defaultConfigurationIsVisible = 0;
			defaultConfigurationName = Release;
		};
		516609FD1E36059200B2C02B /* Build configuration list for PBXNativeTarget "BitsoundSample" */ = {
			isa = XCConfigurationList;
			buildConfigurations = (
				516609FE1E36059200B2C02B /* Debug */,
				516609FF1E36059200B2C02B /* Release */,
			);
			defaultConfigurationIsVisible = 0;
			defaultConfigurationName = Release;
		};
		51660A001E36059200B2C02B /* Build configuration list for PBXNativeTarget "BitsoundSampleTests" */ = {
			isa = XCConfigurationList;
			buildConfigurations = (
				51660A011E36059200B2C02B /* Debug */,
				51660A021E36059200B2C02B /* Release */,
			);
			defaultConfigurationIsVisible = 0;
			defaultConfigurationName = Release;
		};
		51660A031E36059200B2C02B /* Build configuration list for PBXNativeTarget "BitsoundSampleUITests" */ = {
			isa = XCConfigurationList;
			buildConfigurations = (
				51660A041E36059200B2C02B /* Debug */,
				51660A051E36059200B2C02B /* Release */,
			);
			defaultConfigurationIsVisible = 0;
			defaultConfigurationName = Release;
		};
/* End XCConfigurationList section */
	};
	rootObject = 516609C81E36059100B2C02B /* Project object */;
}
