// !$*UTF8*$!
{
	archiveVersion = 1;
	classes = {
	};
	objectVersion = 46;
	objects = {

/* Begin PBXBuildFile section */
		513891701E6FE68A00F2CDAE /* libstdc++.tbd in Frameworks */ = {isa = PBXBuildFile; fileRef = 5138916F1E6FE68A00F2CDAE /* libstdc++.tbd */; };
		513891731E6FE69600F2CDAE /* BitsoundReceiver.framework in Frameworks */ = {isa = PBXBuildFile; fileRef = 513891711E6FE69600F2CDAE /* BitsoundReceiver.framework */; };
		513891741E6FE69600F2CDAE /* BitsoundShaking.framework in Frameworks */ = {isa = PBXBuildFile; fileRef = 513891721E6FE69600F2CDAE /* BitsoundShaking.framework */; };
		515BD78F1E6FDF0F001C6290 /* AppDelegate.swift in Sources */ = {isa = PBXBuildFile; fileRef = 515BD78E1E6FDF0F001C6290 /* AppDelegate.swift */; };
		515BD7911E6FDF0F001C6290 /* ViewController.swift in Sources */ = {isa = PBXBuildFile; fileRef = 515BD7901E6FDF0F001C6290 /* ViewController.swift */; };
		515BD7941E6FDF0F001C6290 /* Main.storyboard in Resources */ = {isa = PBXBuildFile; fileRef = 515BD7921E6FDF0F001C6290 /* Main.storyboard */; };
		515BD7961E6FDF0F001C6290 /* Assets.xcassets in Resources */ = {isa = PBXBuildFile; fileRef = 515BD7951E6FDF0F001C6290 /* Assets.xcassets */; };
		515BD7991E6FDF0F001C6290 /* LaunchScreen.storyboard in Resources */ = {isa = PBXBuildFile; fileRef = 515BD7971E6FDF0F001C6290 /* LaunchScreen.storyboard */; };
		515BD7A41E6FDF0F001C6290 /* BitsoundSampleForSwiftTests.swift in Sources */ = {isa = PBXBuildFile; fileRef = 515BD7A31E6FDF0F001C6290 /* BitsoundSampleForSwiftTests.swift */; };
		515BD7AF1E6FDF10001C6290 /* BitsoundSampleForSwiftUITests.swift in Sources */ = {isa = PBXBuildFile; fileRef = 515BD7AE1E6FDF10001C6290 /* BitsoundSampleForSwiftUITests.swift */; };
		DF18D51F8BEE9F43B57D3996 /* libPods-BitsoundSampleForSwift.a in Frameworks */ = {isa = PBXBuildFile; fileRef = 1632000225EEF0641D9FDA9B /* libPods-BitsoundSampleForSwift.a */; };
/* End PBXBuildFile section */

/* Begin PBXContainerItemProxy section */
		515BD7A01E6FDF0F001C6290 /* PBXContainerItemProxy */ = {
			isa = PBXContainerItemProxy;
			containerPortal = 515BD7831E6FDF0F001C6290 /* Project object */;
			proxyType = 1;
			remoteGlobalIDString = 515BD78A1E6FDF0F001C6290;
			remoteInfo = BitsoundSampleForSwift;
		};
		515BD7AB1E6FDF10001C6290 /* PBXContainerItemProxy */ = {
			isa = PBXContainerItemProxy;
			containerPortal = 515BD7831E6FDF0F001C6290 /* Project object */;
			proxyType = 1;
			remoteGlobalIDString = 515BD78A1E6FDF0F001C6290;
			remoteInfo = BitsoundSampleForSwift;
		};
/* End PBXContainerItemProxy section */

/* Begin PBXFileReference section */
		1632000225EEF0641D9FDA9B /* libPods-BitsoundSampleForSwift.a */ = {isa = PBXFileReference; explicitFileType = archive.ar; includeInIndex = 0; path = "libPods-BitsoundSampleForSwift.a"; sourceTree = BUILT_PRODUCTS_DIR; };
		36DB9419A9355FADE37F4CC8 /* Pods-BitsoundSampleForSwift.release.xcconfig */ = {isa = PBXFileReference; includeInIndex = 1; lastKnownFileType = text.xcconfig; name = "Pods-BitsoundSampleForSwift.release.xcconfig"; path = "Pods/Target Support Files/Pods-BitsoundSampleForSwift/Pods-BitsoundSampleForSwift.release.xcconfig"; sourceTree = "<group>"; };
		5138916D1E6FE65300F2CDAE /* BitsoundSampleForSwift-Bridging-Header.h */ = {isa = PBXFileReference; fileEncoding = 4; lastKnownFileType = sourcecode.c.h; path = "BitsoundSampleForSwift-Bridging-Header.h"; sourceTree = "<group>"; };
		5138916F1E6FE68A00F2CDAE /* libstdc++.tbd */ = {isa = PBXFileReference; lastKnownFileType = "sourcecode.text-based-dylib-definition"; name = "libstdc++.tbd"; path = "usr/lib/libstdc++.tbd"; sourceTree = SDKROOT; };
		513891711E6FE69600F2CDAE /* BitsoundReceiver.framework */ = {isa = PBXFileReference; lastKnownFileType = wrapper.framework; name = BitsoundReceiver.framework; path = ../BitsoundReceiver.framework; sourceTree = "<group>"; };
		513891721E6FE69600F2CDAE /* BitsoundShaking.framework */ = {isa = PBXFileReference; lastKnownFileType = wrapper.framework; name = BitsoundShaking.framework; path = ../BitsoundShaking.framework; sourceTree = "<group>"; };
		515BD78B1E6FDF0F001C6290 /* BitsoundSampleForSwift.app */ = {isa = PBXFileReference; explicitFileType = wrapper.application; includeInIndex = 0; path = BitsoundSampleForSwift.app; sourceTree = BUILT_PRODUCTS_DIR; };
		515BD78E1E6FDF0F001C6290 /* AppDelegate.swift */ = {isa = PBXFileReference; lastKnownFileType = sourcecode.swift; path = AppDelegate.swift; sourceTree = "<group>"; };
		515BD7901E6FDF0F001C6290 /* ViewController.swift */ = {isa = PBXFileReference; lastKnownFileType = sourcecode.swift; path = ViewController.swift; sourceTree = "<group>"; };
		515BD7931E6FDF0F001C6290 /* Base */ = {isa = PBXFileReference; lastKnownFileType = file.storyboard; name = Base; path = Base.lproj/Main.storyboard; sourceTree = "<group>"; };
		515BD7951E6FDF0F001C6290 /* Assets.xcassets */ = {isa = PBXFileReference; lastKnownFileType = folder.assetcatalog; path = Assets.xcassets; sourceTree = "<group>"; };
		515BD7981E6FDF0F001C6290 /* Base */ = {isa = PBXFileReference; lastKnownFileType = file.storyboard; name = Base; path = Base.lproj/LaunchScreen.storyboard; sourceTree = "<group>"; };
		515BD79A1E6FDF0F001C6290 /* Info.plist */ = {isa = PBXFileReference; lastKnownFileType = text.plist.xml; path = Info.plist; sourceTree = "<group>"; };
		515BD79F1E6FDF0F001C6290 /* BitsoundSampleForSwiftTests.xctest */ = {isa = PBXFileReference; explicitFileType = wrapper.cfbundle; includeInIndex = 0; path = BitsoundSampleForSwiftTests.xctest; sourceTree = BUILT_PRODUCTS_DIR; };
		515BD7A31E6FDF0F001C6290 /* BitsoundSampleForSwiftTests.swift */ = {isa = PBXFileReference; lastKnownFileType = sourcecode.swift; path = BitsoundSampleForSwiftTests.swift; sourceTree = "<group>"; };
		515BD7A51E6FDF0F001C6290 /* Info.plist */ = {isa = PBXFileReference; lastKnownFileType = text.plist.xml; path = Info.plist; sourceTree = "<group>"; };
		515BD7AA1E6FDF10001C6290 /* BitsoundSampleForSwiftUITests.xctest */ = {isa = PBXFileReference; explicitFileType = wrapper.cfbundle; includeInIndex = 0; path = BitsoundSampleForSwiftUITests.xctest; sourceTree = BUILT_PRODUCTS_DIR; };
		515BD7AE1E6FDF10001C6290 /* BitsoundSampleForSwiftUITests.swift */ = {isa = PBXFileReference; lastKnownFileType = sourcecode.swift; path = BitsoundSampleForSwiftUITests.swift; sourceTree = "<group>"; };
		515BD7B01E6FDF10001C6290 /* Info.plist */ = {isa = PBXFileReference; lastKnownFileType = text.plist.xml; path = Info.plist; sourceTree = "<group>"; };
		729EDDFC8BA84B4251119779 /* Pods-BitsoundSampleForSwift.debug.xcconfig */ = {isa = PBXFileReference; includeInIndex = 1; lastKnownFileType = text.xcconfig; name = "Pods-BitsoundSampleForSwift.debug.xcconfig"; path = "Pods/Target Support Files/Pods-BitsoundSampleForSwift/Pods-BitsoundSampleForSwift.debug.xcconfig"; sourceTree = "<group>"; };
/* End PBXFileReference section */

/* Begin PBXFrameworksBuildPhase section */
		515BD7881E6FDF0F001C6290 /* Frameworks */ = {
			isa = PBXFrameworksBuildPhase;
			buildActionMask = 2147483647;
			files = (
				513891741E6FE69600F2CDAE /* BitsoundShaking.framework in Frameworks */,
				513891701E6FE68A00F2CDAE /* libstdc++.tbd in Frameworks */,
				513891731E6FE69600F2CDAE /* BitsoundReceiver.framework in Frameworks */,
				DF18D51F8BEE9F43B57D3996 /* libPods-BitsoundSampleForSwift.a in Frameworks */,
			);
			runOnlyForDeploymentPostprocessing = 0;
		};
		515BD79C1E6FDF0F001C6290 /* Frameworks */ = {
			isa = PBXFrameworksBuildPhase;
			buildActionMask = 2147483647;
			files = (
			);
			runOnlyForDeploymentPostprocessing = 0;
		};
		515BD7A71E6FDF10001C6290 /* Frameworks */ = {
			isa = PBXFrameworksBuildPhase;
			buildActionMask = 2147483647;
			files = (
			);
			runOnlyForDeploymentPostprocessing = 0;
		};
/* End PBXFrameworksBuildPhase section */

/* Begin PBXGroup section */
		46B1D9879822D58C9A10A941 /* Pods */ = {
			isa = PBXGroup;
			children = (
				729EDDFC8BA84B4251119779 /* Pods-BitsoundSampleForSwift.debug.xcconfig */,
				36DB9419A9355FADE37F4CC8 /* Pods-BitsoundSampleForSwift.release.xcconfig */,
			);
			name = Pods;
			sourceTree = "<group>";
		};
		5138916E1E6FE68A00F2CDAE /* Frameworks */ = {
			isa = PBXGroup;
			children = (
				513891711E6FE69600F2CDAE /* BitsoundReceiver.framework */,
				513891721E6FE69600F2CDAE /* BitsoundShaking.framework */,
				5138916F1E6FE68A00F2CDAE /* libstdc++.tbd */,
				1632000225EEF0641D9FDA9B /* libPods-BitsoundSampleForSwift.a */,
			);
			name = Frameworks;
			sourceTree = "<group>";
		};
		515BD7821E6FDF0F001C6290 = {
			isa = PBXGroup;
			children = (
				5138916D1E6FE65300F2CDAE /* BitsoundSampleForSwift-Bridging-Header.h */,
				515BD78D1E6FDF0F001C6290 /* BitsoundSampleForSwift */,
				515BD7A21E6FDF0F001C6290 /* BitsoundSampleForSwiftTests */,
				515BD7AD1E6FDF10001C6290 /* BitsoundSampleForSwiftUITests */,
				515BD78C1E6FDF0F001C6290 /* Products */,
				5138916E1E6FE68A00F2CDAE /* Frameworks */,
				46B1D9879822D58C9A10A941 /* Pods */,
			);
			sourceTree = "<group>";
		};
		515BD78C1E6FDF0F001C6290 /* Products */ = {
			isa = PBXGroup;
			children = (
				515BD78B1E6FDF0F001C6290 /* BitsoundSampleForSwift.app */,
				515BD79F1E6FDF0F001C6290 /* BitsoundSampleForSwiftTests.xctest */,
				515BD7AA1E6FDF10001C6290 /* BitsoundSampleForSwiftUITests.xctest */,
			);
			name = Products;
			sourceTree = "<group>";
		};
		515BD78D1E6FDF0F001C6290 /* BitsoundSampleForSwift */ = {
			isa = PBXGroup;
			children = (
				515BD78E1E6FDF0F001C6290 /* AppDelegate.swift */,
				515BD7901E6FDF0F001C6290 /* ViewController.swift */,
				515BD7921E6FDF0F001C6290 /* Main.storyboard */,
				515BD7951E6FDF0F001C6290 /* Assets.xcassets */,
				515BD7971E6FDF0F001C6290 /* LaunchScreen.storyboard */,
				515BD79A1E6FDF0F001C6290 /* Info.plist */,
			);
			path = BitsoundSampleForSwift;
			sourceTree = "<group>";
		};
		515BD7A21E6FDF0F001C6290 /* BitsoundSampleForSwiftTests */ = {
			isa = PBXGroup;
			children = (
				515BD7A31E6FDF0F001C6290 /* BitsoundSampleForSwiftTests.swift */,
				515BD7A51E6FDF0F001C6290 /* Info.plist */,
			);
			path = BitsoundSampleForSwiftTests;
			sourceTree = "<group>";
		};
		515BD7AD1E6FDF10001C6290 /* BitsoundSampleForSwiftUITests */ = {
			isa = PBXGroup;
			children = (
				515BD7AE1E6FDF10001C6290 /* BitsoundSampleForSwiftUITests.swift */,
				515BD7B01E6FDF10001C6290 /* Info.plist */,
			);
			path = BitsoundSampleForSwiftUITests;
			sourceTree = "<group>";
		};
/* End PBXGroup section */

/* Begin PBXNativeTarget section */
		515BD78A1E6FDF0F001C6290 /* BitsoundSampleForSwift */ = {
			isa = PBXNativeTarget;
			buildConfigurationList = 515BD7B31E6FDF10001C6290 /* Build configuration list for PBXNativeTarget "BitsoundSampleForSwift" */;
			buildPhases = (
				4F095C0F21BB8165FDC9B528 /* [CP] Check Pods Manifest.lock */,
				515BD7871E6FDF0F001C6290 /* Sources */,
				515BD7881E6FDF0F001C6290 /* Frameworks */,
				515BD7891E6FDF0F001C6290 /* Resources */,
				16730031E2C025406970777C /* [CP] Embed Pods Frameworks */,
				7D8D2A4A0CBC665CD785B460 /* [CP] Copy Pods Resources */,
			);
			buildRules = (
			);
			dependencies = (
			);
			name = BitsoundSampleForSwift;
			productName = BitsoundSampleForSwift;
			productReference = 515BD78B1E6FDF0F001C6290 /* BitsoundSampleForSwift.app */;
			productType = "com.apple.product-type.application";
		};
		515BD79E1E6FDF0F001C6290 /* BitsoundSampleForSwiftTests */ = {
			isa = PBXNativeTarget;
			buildConfigurationList = 515BD7B61E6FDF10001C6290 /* Build configuration list for PBXNativeTarget "BitsoundSampleForSwiftTests" */;
			buildPhases = (
				515BD79B1E6FDF0F001C6290 /* Sources */,
				515BD79C1E6FDF0F001C6290 /* Frameworks */,
				515BD79D1E6FDF0F001C6290 /* Resources */,
			);
			buildRules = (
			);
			dependencies = (
				515BD7A11E6FDF0F001C6290 /* PBXTargetDependency */,
			);
			name = BitsoundSampleForSwiftTests;
			productName = BitsoundSampleForSwiftTests;
			productReference = 515BD79F1E6FDF0F001C6290 /* BitsoundSampleForSwiftTests.xctest */;
			productType = "com.apple.product-type.bundle.unit-test";
		};
		515BD7A91E6FDF10001C6290 /* BitsoundSampleForSwiftUITests */ = {
			isa = PBXNativeTarget;
			buildConfigurationList = 515BD7B91E6FDF10001C6290 /* Build configuration list for PBXNativeTarget "BitsoundSampleForSwiftUITests" */;
			buildPhases = (
				515BD7A61E6FDF10001C6290 /* Sources */,
				515BD7A71E6FDF10001C6290 /* Frameworks */,
				515BD7A81E6FDF10001C6290 /* Resources */,
			);
			buildRules = (
			);
			dependencies = (
				515BD7AC1E6FDF10001C6290 /* PBXTargetDependency */,
			);
			name = BitsoundSampleForSwiftUITests;
			productName = BitsoundSampleForSwiftUITests;
			productReference = 515BD7AA1E6FDF10001C6290 /* BitsoundSampleForSwiftUITests.xctest */;
			productType = "com.apple.product-type.bundle.ui-testing";
		};
/* End PBXNativeTarget section */

/* Begin PBXProject section */
		515BD7831E6FDF0F001C6290 /* Project object */ = {
			isa = PBXProject;
			attributes = {
				LastSwiftUpdateCheck = 0820;
				LastUpgradeCheck = 0820;
				ORGANIZATIONNAME = "wonje-soundlly";
				TargetAttributes = {
					515BD78A1E6FDF0F001C6290 = {
						CreatedOnToolsVersion = 8.2.1;
						DevelopmentTeam = 4G6HH5MMJY;
						ProvisioningStyle = Automatic;
					};
					515BD79E1E6FDF0F001C6290 = {
						CreatedOnToolsVersion = 8.2.1;
						DevelopmentTeam = 4G6HH5MMJY;
						ProvisioningStyle = Automatic;
						TestTargetID = 515BD78A1E6FDF0F001C6290;
					};
					515BD7A91E6FDF10001C6290 = {
						CreatedOnToolsVersion = 8.2.1;
						DevelopmentTeam = 4G6HH5MMJY;
						ProvisioningStyle = Automatic;
						TestTargetID = 515BD78A1E6FDF0F001C6290;
					};
				};
			};
			buildConfigurationList = 515BD7861E6FDF0F001C6290 /* Build configuration list for PBXProject "BitsoundSampleForSwift" */;
			compatibilityVersion = "Xcode 3.2";
			developmentRegion = English;
			hasScannedForEncodings = 0;
			knownRegions = (
				en,
				Base,
			);
			mainGroup = 515BD7821E6FDF0F001C6290;
			productRefGroup = 515BD78C1E6FDF0F001C6290 /* Products */;
			projectDirPath = "";
			projectRoot = "";
			targets = (
				515BD78A1E6FDF0F001C6290 /* BitsoundSampleForSwift */,
				515BD79E1E6FDF0F001C6290 /* BitsoundSampleForSwiftTests */,
				515BD7A91E6FDF10001C6290 /* BitsoundSampleForSwiftUITests */,
			);
		};
/* End PBXProject section */

/* Begin PBXResourcesBuildPhase section */
		515BD7891E6FDF0F001C6290 /* Resources */ = {
			isa = PBXResourcesBuildPhase;
			buildActionMask = 2147483647;
			files = (
				515BD7991E6FDF0F001C6290 /* LaunchScreen.storyboard in Resources */,
				515BD7961E6FDF0F001C6290 /* Assets.xcassets in Resources */,
				515BD7941E6FDF0F001C6290 /* Main.storyboard in Resources */,
			);
			runOnlyForDeploymentPostprocessing = 0;
		};
		515BD79D1E6FDF0F001C6290 /* Resources */ = {
			isa = PBXResourcesBuildPhase;
			buildActionMask = 2147483647;
			files = (
			);
			runOnlyForDeploymentPostprocessing = 0;
		};
		515BD7A81E6FDF10001C6290 /* Resources */ = {
			isa = PBXResourcesBuildPhase;
			buildActionMask = 2147483647;
			files = (
			);
			runOnlyForDeploymentPostprocessing = 0;
		};
/* End PBXResourcesBuildPhase section */

/* Begin PBXShellScriptBuildPhase section */
		16730031E2C025406970777C /* [CP] Embed Pods Frameworks */ = {
			isa = PBXShellScriptBuildPhase;
			buildActionMask = 2147483647;
			files = (
			);
			inputPaths = (
			);
			name = "[CP] Embed Pods Frameworks";
			outputPaths = (
			);
			runOnlyForDeploymentPostprocessing = 0;
			shellPath = /bin/sh;
			shellScript = "\"${SRCROOT}/Pods/Target Support Files/Pods-BitsoundSampleForSwift/Pods-BitsoundSampleForSwift-frameworks.sh\"\n";
			showEnvVarsInLog = 0;
		};
		4F095C0F21BB8165FDC9B528 /* [CP] Check Pods Manifest.lock */ = {
			isa = PBXShellScriptBuildPhase;
			buildActionMask = 2147483647;
			files = (
			);
			inputPaths = (
			);
			name = "[CP] Check Pods Manifest.lock";
			outputPaths = (
			);
			runOnlyForDeploymentPostprocessing = 0;
			shellPath = /bin/sh;
			shellScript = "diff \"${PODS_ROOT}/../Podfile.lock\" \"${PODS_ROOT}/Manifest.lock\" > /dev/null\nif [ $? != 0 ] ; then\n    # print error to STDERR\n    echo \"error: The sandbox is not in sync with the Podfile.lock. Run 'pod install' or update your CocoaPods installation.\" >&2\n    exit 1\nfi\n";
			showEnvVarsInLog = 0;
		};
		7D8D2A4A0CBC665CD785B460 /* [CP] Copy Pods Resources */ = {
			isa = PBXShellScriptBuildPhase;
			buildActionMask = 2147483647;
			files = (
			);
			inputPaths = (
			);
			name = "[CP] Copy Pods Resources";
			outputPaths = (
			);
			runOnlyForDeploymentPostprocessing = 0;
			shellPath = /bin/sh;
			shellScript = "\"${SRCROOT}/Pods/Target Support Files/Pods-BitsoundSampleForSwift/Pods-BitsoundSampleForSwift-resources.sh\"\n";
			showEnvVarsInLog = 0;
		};
/* End PBXShellScriptBuildPhase section */

/* Begin PBXSourcesBuildPhase section */
		515BD7871E6FDF0F001C6290 /* Sources */ = {
			isa = PBXSourcesBuildPhase;
			buildActionMask = 2147483647;
			files = (
				515BD7911E6FDF0F001C6290 /* ViewController.swift in Sources */,
				515BD78F1E6FDF0F001C6290 /* AppDelegate.swift in Sources */,
			);
			runOnlyForDeploymentPostprocessing = 0;
		};
		515BD79B1E6FDF0F001C6290 /* Sources */ = {
			isa = PBXSourcesBuildPhase;
			buildActionMask = 2147483647;
			files = (
				515BD7A41E6FDF0F001C6290 /* BitsoundSampleForSwiftTests.swift in Sources */,
			);
			runOnlyForDeploymentPostprocessing = 0;
		};
		515BD7A61E6FDF10001C6290 /* Sources */ = {
			isa = PBXSourcesBuildPhase;
			buildActionMask = 2147483647;
			files = (
				515BD7AF1E6FDF10001C6290 /* BitsoundSampleForSwiftUITests.swift in Sources */,
			);
			runOnlyForDeploymentPostprocessing = 0;
		};
/* End PBXSourcesBuildPhase section */

/* Begin PBXTargetDependency section */
		515BD7A11E6FDF0F001C6290 /* PBXTargetDependency */ = {
			isa = PBXTargetDependency;
			target = 515BD78A1E6FDF0F001C6290 /* BitsoundSampleForSwift */;
			targetProxy = 515BD7A01E6FDF0F001C6290 /* PBXContainerItemProxy */;
		};
		515BD7AC1E6FDF10001C6290 /* PBXTargetDependency */ = {
			isa = PBXTargetDependency;
			target = 515BD78A1E6FDF0F001C6290 /* BitsoundSampleForSwift */;
			targetProxy = 515BD7AB1E6FDF10001C6290 /* PBXContainerItemProxy */;
		};
/* End PBXTargetDependency section */

/* Begin PBXVariantGroup section */
		515BD7921E6FDF0F001C6290 /* Main.storyboard */ = {
			isa = PBXVariantGroup;
			children = (
				515BD7931E6FDF0F001C6290 /* Base */,
			);
			name = Main.storyboard;
			sourceTree = "<group>";
		};
		515BD7971E6FDF0F001C6290 /* LaunchScreen.storyboard */ = {
			isa = PBXVariantGroup;
			children = (
				515BD7981E6FDF0F001C6290 /* Base */,
			);
			name = LaunchScreen.storyboard;
			sourceTree = "<group>";
		};
/* End PBXVariantGroup section */

/* Begin XCBuildConfiguration section */
		515BD7B11E6FDF10001C6290 /* Debug */ = {
			isa = XCBuildConfiguration;
			buildSettings = {
				ALWAYS_SEARCH_USER_PATHS = NO;
				CLANG_ANALYZER_NONNULL = YES;
				CLANG_CXX_LANGUAGE_STANDARD = "gnu++0x";
				CLANG_CXX_LIBRARY = "libc++";
				CLANG_ENABLE_MODULES = YES;
				CLANG_ENABLE_OBJC_ARC = YES;
				CLANG_WARN_BOOL_CONVERSION = YES;
				CLANG_WARN_CONSTANT_CONVERSION = YES;
				CLANG_WARN_DIRECT_OBJC_ISA_USAGE = YES_ERROR;
				CLANG_WARN_DOCUMENTATION_COMMENTS = YES;
				CLANG_WARN_EMPTY_BODY = YES;
				CLANG_WARN_ENUM_CONVERSION = YES;
				CLANG_WARN_INFINITE_RECURSION = YES;
				CLANG_WARN_INT_CONVERSION = YES;
				CLANG_WARN_OBJC_ROOT_CLASS = YES_ERROR;
				CLANG_WARN_SUSPICIOUS_MOVE = YES;
				CLANG_WARN_UNREACHABLE_CODE = YES;
				CLANG_WARN__DUPLICATE_METHOD_MATCH = YES;
				"CODE_SIGN_IDENTITY[sdk=iphoneos*]" = "iPhone Developer";
				COPY_PHASE_STRIP = NO;
				DEBUG_INFORMATION_FORMAT = dwarf;
				ENABLE_STRICT_OBJC_MSGSEND = YES;
				ENABLE_TESTABILITY = YES;
				GCC_C_LANGUAGE_STANDARD = gnu99;
				GCC_DYNAMIC_NO_PIC = NO;
				GCC_NO_COMMON_BLOCKS = YES;
				GCC_OPTIMIZATION_LEVEL = 0;
				GCC_PREPROCESSOR_DEFINITIONS = (
					"DEBUG=1",
					"$(inherited)",
				);
				GCC_WARN_64_TO_32_BIT_CONVERSION = YES;
				GCC_WARN_ABOUT_RETURN_TYPE = YES_ERROR;
				GCC_WARN_UNDECLARED_SELECTOR = YES;
				GCC_WARN_UNINITIALIZED_AUTOS = YES_AGGRESSIVE;
				GCC_WARN_UNUSED_FUNCTION = YES;
				GCC_WARN_UNUSED_VARIABLE = YES;
				IPHONEOS_DEPLOYMENT_TARGET = 8.0;
				MTL_ENABLE_DEBUG_INFO = YES;
				ONLY_ACTIVE_ARCH = YES;
				SDKROOT = iphoneos;
				SWIFT_ACTIVE_COMPILATION_CONDITIONS = DEBUG;
				SWIFT_OPTIMIZATION_LEVEL = "-Onone";
				TARGETED_DEVICE_FAMILY = "1,2";
			};
			name = Debug;
		};
		515BD7B21E6FDF10001C6290 /* Release */ = {
			isa = XCBuildConfiguration;
			buildSettings = {
				ALWAYS_SEARCH_USER_PATHS = NO;
				CLANG_ANALYZER_NONNULL = YES;
				CLANG_CXX_LANGUAGE_STANDARD = "gnu++0x";
				CLANG_CXX_LIBRARY = "libc++";
				CLANG_ENABLE_MODULES = YES;
				CLANG_ENABLE_OBJC_ARC = YES;
				CLANG_WARN_BOOL_CONVERSION = YES;
				CLANG_WARN_CONSTANT_CONVERSION = YES;
				CLANG_WARN_DIRECT_OBJC_ISA_USAGE = YES_ERROR;
				CLANG_WARN_DOCUMENTATION_COMMENTS = YES;
				CLANG_WARN_EMPTY_BODY = YES;
				CLANG_WARN_ENUM_CONVERSION = YES;
				CLANG_WARN_INFINITE_RECURSION = YES;
				CLANG_WARN_INT_CONVERSION = YES;
				CLANG_WARN_OBJC_ROOT_CLASS = YES_ERROR;
				CLANG_WARN_SUSPICIOUS_MOVE = YES;
				CLANG_WARN_UNREACHABLE_CODE = YES;
				CLANG_WARN__DUPLICATE_METHOD_MATCH = YES;
				"CODE_SIGN_IDENTITY[sdk=iphoneos*]" = "iPhone Developer";
				COPY_PHASE_STRIP = NO;
				DEBUG_INFORMATION_FORMAT = "dwarf-with-dsym";
				ENABLE_NS_ASSERTIONS = NO;
				ENABLE_STRICT_OBJC_MSGSEND = YES;
				GCC_C_LANGUAGE_STANDARD = gnu99;
				GCC_NO_COMMON_BLOCKS = YES;
				GCC_WARN_64_TO_32_BIT_CONVERSION = YES;
				GCC_WARN_ABOUT_RETURN_TYPE = YES_ERROR;
				GCC_WARN_UNDECLARED_SELECTOR = YES;
				GCC_WARN_UNINITIALIZED_AUTOS = YES_AGGRESSIVE;
				GCC_WARN_UNUSED_FUNCTION = YES;
				GCC_WARN_UNUSED_VARIABLE = YES;
				IPHONEOS_DEPLOYMENT_TARGET = 8.0;
				MTL_ENABLE_DEBUG_INFO = NO;
				SDKROOT = iphoneos;
				SWIFT_OPTIMIZATION_LEVEL = "-Owholemodule";
				TARGETED_DEVICE_FAMILY = "1,2";
				VALIDATE_PRODUCT = YES;
			};
			name = Release;
		};
		515BD7B41E6FDF10001C6290 /* Debug */ = {
			isa = XCBuildConfiguration;
			baseConfigurationReference = 729EDDFC8BA84B4251119779 /* Pods-BitsoundSampleForSwift.debug.xcconfig */;
			buildSettings = {
				ASSETCATALOG_COMPILER_APPICON_NAME = AppIcon;
				DEVELOPMENT_TEAM = 4G6HH5MMJY;
				FRAMEWORK_SEARCH_PATHS = "$(PROJECT_DIR)/../";
				INFOPLIST_FILE = BitsoundSampleForSwift/Info.plist;
				LD_RUNPATH_SEARCH_PATHS = "$(inherited) @executable_path/Frameworks";
				PRODUCT_BUNDLE_IDENTIFIER = com.soundlly.BitsoundSampleForSwift;
				PRODUCT_NAME = "$(TARGET_NAME)";
				SWIFT_OBJC_BRIDGING_HEADER = "./BitsoundSampleForSwift-Bridging-Header.h";
				SWIFT_VERSION = 3.0;
			};
			name = Debug;
		};
		515BD7B51E6FDF10001C6290 /* Release */ = {
			isa = XCBuildConfiguration;
			baseConfigurationReference = 36DB9419A9355FADE37F4CC8 /* Pods-BitsoundSampleForSwift.release.xcconfig */;
			buildSettings = {
				ASSETCATALOG_COMPILER_APPICON_NAME = AppIcon;
				DEVELOPMENT_TEAM = 4G6HH5MMJY;
				FRAMEWORK_SEARCH_PATHS = "$(PROJECT_DIR)/../";
				INFOPLIST_FILE = BitsoundSampleForSwift/Info.plist;
				LD_RUNPATH_SEARCH_PATHS = "$(inherited) @executable_path/Frameworks";
				PRODUCT_BUNDLE_IDENTIFIER = com.soundlly.BitsoundSampleForSwift;
				PRODUCT_NAME = "$(TARGET_NAME)";
				SWIFT_OBJC_BRIDGING_HEADER = "./BitsoundSampleForSwift-Bridging-Header.h";
				SWIFT_VERSION = 3.0;
			};
			name = Release;
		};
		515BD7B71E6FDF10001C6290 /* Debug */ = {
			isa = XCBuildConfiguration;
			buildSettings = {
				ALWAYS_EMBED_SWIFT_STANDARD_LIBRARIES = YES;
				BUNDLE_LOADER = "$(TEST_HOST)";
				DEVELOPMENT_TEAM = 4G6HH5MMJY;
				INFOPLIST_FILE = BitsoundSampleForSwiftTests/Info.plist;
				LD_RUNPATH_SEARCH_PATHS = "$(inherited) @executable_path/Frameworks @loader_path/Frameworks";
				PRODUCT_BUNDLE_IDENTIFIER = com.soundlly.BitsoundSampleForSwiftTests;
				PRODUCT_NAME = "$(TARGET_NAME)";
				SWIFT_VERSION = 3.0;
				TEST_HOST = "$(BUILT_PRODUCTS_DIR)/BitsoundSampleForSwift.app/BitsoundSampleForSwift";
			};
			name = Debug;
		};
		515BD7B81E6FDF10001C6290 /* Release */ = {
			isa = XCBuildConfiguration;
			buildSettings = {
				ALWAYS_EMBED_SWIFT_STANDARD_LIBRARIES = YES;
				BUNDLE_LOADER = "$(TEST_HOST)";
				DEVELOPMENT_TEAM = 4G6HH5MMJY;
				INFOPLIST_FILE = BitsoundSampleForSwiftTests/Info.plist;
				LD_RUNPATH_SEARCH_PATHS = "$(inherited) @executable_path/Frameworks @loader_path/Frameworks";
				PRODUCT_BUNDLE_IDENTIFIER = com.soundlly.BitsoundSampleForSwiftTests;
				PRODUCT_NAME = "$(TARGET_NAME)";
				SWIFT_VERSION = 3.0;
				TEST_HOST = "$(BUILT_PRODUCTS_DIR)/BitsoundSampleForSwift.app/BitsoundSampleForSwift";
			};
			name = Release;
		};
		515BD7BA1E6FDF10001C6290 /* Debug */ = {
			isa = XCBuildConfiguration;
			buildSettings = {
				ALWAYS_EMBED_SWIFT_STANDARD_LIBRARIES = YES;
				DEVELOPMENT_TEAM = 4G6HH5MMJY;
				INFOPLIST_FILE = BitsoundSampleForSwiftUITests/Info.plist;
				LD_RUNPATH_SEARCH_PATHS = "$(inherited) @executable_path/Frameworks @loader_path/Frameworks";
				PRODUCT_BUNDLE_IDENTIFIER = com.soundlly.BitsoundSampleForSwiftUITests;
				PRODUCT_NAME = "$(TARGET_NAME)";
				SWIFT_VERSION = 3.0;
				TEST_TARGET_NAME = BitsoundSampleForSwift;
			};
			name = Debug;
		};
		515BD7BB1E6FDF10001C6290 /* Release */ = {
			isa = XCBuildConfiguration;
			buildSettings = {
				ALWAYS_EMBED_SWIFT_STANDARD_LIBRARIES = YES;
				DEVELOPMENT_TEAM = 4G6HH5MMJY;
				INFOPLIST_FILE = BitsoundSampleForSwiftUITests/Info.plist;
				LD_RUNPATH_SEARCH_PATHS = "$(inherited) @executable_path/Frameworks @loader_path/Frameworks";
				PRODUCT_BUNDLE_IDENTIFIER = com.soundlly.BitsoundSampleForSwiftUITests;
				PRODUCT_NAME = "$(TARGET_NAME)";
				SWIFT_VERSION = 3.0;
				TEST_TARGET_NAME = BitsoundSampleForSwift;
			};
			name = Release;
		};
/* End XCBuildConfiguration section */

/* Begin XCConfigurationList section */
		515BD7861E6FDF0F001C6290 /* Build configuration list for PBXProject "BitsoundSampleForSwift" */ = {
			isa = XCConfigurationList;
			buildConfigurations = (
				515BD7B11E6FDF10001C6290 /* Debug */,
				515BD7B21E6FDF10001C6290 /* Release */,
			);
			defaultConfigurationIsVisible = 0;
			defaultConfigurationName = Release;
		};
		515BD7B31E6FDF10001C6290 /* Build configuration list for PBXNativeTarget "BitsoundSampleForSwift" */ = {
			isa = XCConfigurationList;
			buildConfigurations = (
				515BD7B41E6FDF10001C6290 /* Debug */,
				515BD7B51E6FDF10001C6290 /* Release */,
			);
			defaultConfigurationIsVisible = 0;
			defaultConfigurationName = Release;
		};
		515BD7B61E6FDF10001C6290 /* Build configuration list for PBXNativeTarget "BitsoundSampleForSwiftTests" */ = {
			isa = XCConfigurationList;
			buildConfigurations = (
				515BD7B71E6FDF10001C6290 /* Debug */,
				515BD7B81E6FDF10001C6290 /* Release */,
			);
			defaultConfigurationIsVisible = 0;
			defaultConfigurationName = Release;
		};
		515BD7B91E6FDF10001C6290 /* Build configuration list for PBXNativeTarget "BitsoundSampleForSwiftUITests" */ = {
			isa = XCConfigurationList;
			buildConfigurations = (
				515BD7BA1E6FDF10001C6290 /* Debug */,
				515BD7BB1E6FDF10001C6290 /* Release */,
			);
			defaultConfigurationIsVisible = 0;
			defaultConfigurationName = Release;
		};
/* End XCConfigurationList section */
	};
	rootObject = 515BD7831E6FDF0F001C6290 /* Project object */;
}
